
Microsoft Visual Studio Solution File, Format Version 12.00
# Visual Studio Version 16
VisualStudioVersion = 16.0.29911.84
MinimumVisualStudioVersion = 10.0.40219.1
Project("{FAE04EC0-301F-11D3-BF4B-00C04F79EFBC}") = "MovilPruebas.Android", "MovilPruebas.Android\MovilPruebas.Android.csproj", "{B55902CD-7B91-4947-825D-2F98F1C85521}"
EndProject
Project("{FAE04EC0-301F-11D3-BF4B-00C04F79EFBC}") = "MovilPruebas.iOS", "MovilPruebas.iOS\MovilPruebas.iOS.csproj", "{7F9040B0-437F-465C-8477-0B61FF9E1A72}"
EndProject
Project("{FAE04EC0-301F-11D3-BF4B-00C04F79EFBC}") = "MovilPruebas", "MovilPruebas\MovilPruebas.csproj", "{3B2742B2-4A44-4F60-8A73-4DCEBEA584EB}"
EndProject
Global
	GlobalSection(SolutionConfigurationPlatforms) = preSolution
		Debug|Any CPU = Debug|Any CPU
		Debug|iPhone = Debug|iPhone
		Debug|iPhoneSimulator = Debug|iPhoneSimulator
		Release|Any CPU = Release|Any CPU
		Release|iPhone = Release|iPhone
		Release|iPhoneSimulator = Release|iPhoneSimulator
	EndGlobalSection
	GlobalSection(ProjectConfigurationPlatforms) = postSolution
		{B55902CD-7B91-4947-825D-2F98F1C85521}.Debug|Any CPU.ActiveCfg = Debug|Any CPU
		{B55902CD-7B91-4947-825D-2F98F1C85521}.Debug|Any CPU.Build.0 = Debug|Any CPU
		{B55902CD-7B91-4947-825D-2F98F1C85521}.Debug|Any CPU.Deploy.0 = Debug|Any CPU
		{B55902CD-7B91-4947-825D-2F98F1C85521}.Debug|iPhone.ActiveCfg = Debug|Any CPU
		{B55902CD-7B91-4947-825D-2F98F1C85521}.Debug|iPhone.Build.0 = Debug|Any CPU
		{B55902CD-7B91-4947-825D-2F98F1C85521}.Debug|iPhone.Deploy.0 = Debug|Any CPU
		{B55902CD-7B91-4947-825D-2F98F1C85521}.Debug|iPhoneSimulator.ActiveCfg = Debug|Any CPU
		{B55902CD-7B91-4947-825D-2F98F1C85521}.Debug|iPhoneSimulator.Build.0 = Debug|Any CPU
		{B55902CD-7B91-4947-825D-2F98F1C85521}.Debug|iPhoneSimulator.Deploy.0 = Debug|Any CPU
		{B55902CD-7B91-4947-825D-2F98F1C85521}.Release|Any CPU.ActiveCfg = Release|Any CPU
		{B55902CD-7B91-4947-825D-2F98F1C85521}.Release|Any CPU.Build.0 = Release|Any CPU
		{B55902CD-7B91-4947-825D-2F98F1C85521}.Release|Any CPU.Deploy.0 = Release|Any CPU
		{B55902CD-7B91-4947-825D-2F98F1C85521}.Release|iPhone.ActiveCfg = Release|Any CPU
		{B55902CD-7B91-4947-825D-2F98F1C85521}.Release|iPhone.Build.0 = Release|Any CPU
		{B55902CD-7B91-4947-825D-2F98F1C85521}.Release|iPhone.Deploy.0 = Release|Any CPU
		{B55902CD-7B91-4947-825D-2F98F1C85521}.Release|iPhoneSimulator.ActiveCfg = Release|Any CPU
		{B55902CD-7B91-4947-825D-2F98F1C85521}.Release|iPhoneSimulator.Build.0 = Release|Any CPU
		{B55902CD-7B91-4947-825D-2F98F1C85521}.Release|iPhoneSimulator.Deploy.0 = Release|Any CPU
		{7F9040B0-437F-465C-8477-0B61FF9E1A72}.Debug|Any CPU.ActiveCfg = Debug|iPhone
		{7F9040B0-437F-465C-8477-0B61FF9E1A72}.Debug|Any CPU.Build.0 = Debug|iPhone
		{7F9040B0-437F-465C-8477-0B61FF9E1A72}.Debug|Any CPU.Deploy.0 = Debug|iPhone
		{7F9040B0-437F-465C-8477-0B61FF9E1A72}.Debug|iPhone.ActiveCfg = Debug|iPhone
		{7F9040B0-437F-465C-8477-0B61FF9E1A72}.Debug|iPhone.Build.0 = Debug|iPhone
		{7F9040B0-437F-465C-8477-0B61FF9E1A72}.Debug|iPhone.Deploy.0 = Debug|iPhone
		{7F9040B0-437F-465C-8477-0B61FF9E1A72}.Debug|iPhoneSimulator.ActiveCfg = Debug|iPhoneSimulator
		{7F9040B0-437F-465C-8477-0B61FF9E1A72}.Debug|iPhoneSimulator.Build.0 = Debug|iPhoneSimulator
		{7F9040B0-437F-465C-8477-0B61FF9E1A72}.Debug|iPhoneSimulator.Deploy.0 = Debug|iPhoneSimulator
		{7F9040B0-437F-465C-8477-0B61FF9E1A72}.Release|Any CPU.ActiveCfg = Release|iPhone
		{7F9040B0-437F-465C-8477-0B61FF9E1A72}.Release|Any CPU.Build.0 = Release|iPhone
		{7F9040B0-437F-465C-8477-0B61FF9E1A72}.Release|Any CPU.Deploy.0 = Release|iPhone
		{7F9040B0-437F-465C-8477-0B61FF9E1A72}.Release|iPhone.ActiveCfg = Release|iPhone
		{7F9040B0-437F-465C-8477-0B61FF9E1A72}.Release|iPhone.Build.0 = Release|iPhone
		{7F9040B0-437F-465C-8477-0B61FF9E1A72}.Release|iPhone.Deploy.0 = Release|iPhone
		{7F9040B0-437F-465C-8477-0B61FF9E1A72}.Release|iPhoneSimulator.ActiveCfg = Release|iPhoneSimulator
		{7F9040B0-437F-465C-8477-0B61FF9E1A72}.Release|iPhoneSimulator.Build.0 = Release|iPhoneSimulator
		{7F9040B0-437F-465C-8477-0B61FF9E1A72}.Release|iPhoneSimulator.Deploy.0 = Release|iPhoneSimulator
		{3B2742B2-4A44-4F60-8A73-4DCEBEA584EB}.Debug|Any CPU.ActiveCfg = Debug|Any CPU
		{3B2742B2-4A44-4F60-8A73-4DCEBEA584EB}.Debug|Any CPU.Build.0 = Debug|Any CPU
		{3B2742B2-4A44-4F60-8A73-4DCEBEA584EB}.Debug|Any CPU.Deploy.0 = Debug|Any CPU
		{3B2742B2-4A44-4F60-8A73-4DCEBEA584EB}.Debug|iPhone.ActiveCfg = Debug|Any CPU
		{3B2742B2-4A44-4F60-8A73-4DCEBEA584EB}.Debug|iPhone.Build.0 = Debug|Any CPU
		{3B2742B2-4A44-4F60-8A73-4DCEBEA584EB}.Debug|iPhone.Deploy.0 = Debug|Any CPU
		{3B2742B2-4A44-4F60-8A73-4DCEBEA584EB}.Debug|iPhoneSimulator.ActiveCfg = Debug|Any CPU
		{3B2742B2-4A44-4F60-8A73-4DCEBEA584EB}.Debug|iPhoneSimulator.Build.0 = Debug|Any CPU
		{3B2742B2-4A44-4F60-8A73-4DCEBEA584EB}.Debug|iPhoneSimulator.Deploy.0 = Debug|Any CPU
		{3B2742B2-4A44-4F60-8A73-4DCEBEA584EB}.Release|Any CPU.ActiveCfg = Release|Any CPU
		{3B2742B2-4A44-4F60-8A73-4DCEBEA584EB}.Release|Any CPU.Build.0 = Release|Any CPU
		{3B2742B2-4A44-4F60-8A73-4DCEBEA584EB}.Release|Any CPU.Deploy.0 = Release|Any CPU
		{3B2742B2-4A44-4F60-8A73-4DCEBEA584EB}.Release|iPhone.ActiveCfg = Release|Any CPU
		{3B2742B2-4A44-4F60-8A73-4DCEBEA584EB}.Release|iPhone.Build.0 = Release|Any CPU
		{3B2742B2-4A44-4F60-8A73-4DCEBEA584EB}.Release|iPhone.Deploy.0 = Release|Any CPU
		{3B2742B2-4A44-4F60-8A73-4DCEBEA584EB}.Release|iPhoneSimulator.ActiveCfg = Release|Any CPU
		{3B2742B2-4A44-4F60-8A73-4DCEBEA584EB}.Release|iPhoneSimulator.Build.0 = Release|Any CPU
		{3B2742B2-4A44-4F60-8A73-4DCEBEA584EB}.Release|iPhoneSimulator.Deploy.0 = Release|Any CPU
	EndGlobalSection
	GlobalSection(SolutionProperties) = preSolution
		HideSolutionNode = FALSE
	EndGlobalSection
	GlobalSection(ExtensibilityGlobals) = postSolution
		SolutionGuid = {73603D94-9E86-44D5-BBF1-1356843E65DC}
	EndGlobalSection
EndGlobal
